// !$*UTF8*$!
{
	archiveVersion = 1;
	classes = {
	};
	objectVersion = 50;
	objects = {

/* Begin PBXBuildFile section */
		16B752B32292324F0078E580 /* AppDelegate.swift in Sources */ = {isa = PBXBuildFile; fileRef = 16B752B22292324F0078E580 /* AppDelegate.swift */; };
		16B752B52292324F0078E580 /* ViewController.swift in Sources */ = {isa = PBXBuildFile; fileRef = 16B752B42292324F0078E580 /* ViewController.swift */; };
		16B752B82292324F0078E580 /* Main.storyboard in Resources */ = {isa = PBXBuildFile; fileRef = 16B752B62292324F0078E580 /* Main.storyboard */; };
		16B752BA229232560078E580 /* Assets.xcassets in Resources */ = {isa = PBXBuildFile; fileRef = 16B752B9229232560078E580 /* Assets.xcassets */; };
		16B752BD229232560078E580 /* LaunchScreen.storyboard in Resources */ = {isa = PBXBuildFile; fileRef = 16B752BB229232560078E580 /* LaunchScreen.storyboard */; };
		16B752C8229232560078E580 /* CustomCameraTests.swift in Sources */ = {isa = PBXBuildFile; fileRef = 16B752C7229232560078E580 /* CustomCameraTests.swift */; };
		16B752D3229232560078E580 /* CustomCameraUITests.swift in Sources */ = {isa = PBXBuildFile; fileRef = 16B752D2229232560078E580 /* CustomCameraUITests.swift */; };
		16B752E1229234C80078E580 /* PhotoViewController.swift in Sources */ = {isa = PBXBuildFile; fileRef = 16B752E0229234C80078E580 /* PhotoViewController.swift */; };
/* End PBXBuildFile section */

/* Begin PBXContainerItemProxy section */
		16B752C4229232560078E580 /* PBXContainerItemProxy */ = {
			isa = PBXContainerItemProxy;
			containerPortal = 16B752A72292324F0078E580 /* Project object */;
			proxyType = 1;
			remoteGlobalIDString = 16B752AE2292324F0078E580;
			remoteInfo = CustomCamera;
		};
		16B752CF229232560078E580 /* PBXContainerItemProxy */ = {
			isa = PBXContainerItemProxy;
			containerPortal = 16B752A72292324F0078E580 /* Project object */;
			proxyType = 1;
			remoteGlobalIDString = 16B752AE2292324F0078E580;
			remoteInfo = CustomCamera;
		};
/* End PBXContainerItemProxy section */

/* Begin PBXFileReference section */
		16B752AF2292324F0078E580 /* CustomCamera.app */ = {isa = PBXFileReference; explicitFileType = wrapper.application; includeInIndex = 0; path = CustomCamera.app; sourceTree = BUILT_PRODUCTS_DIR; };
		16B752B22292324F0078E580 /* AppDelegate.swift */ = {isa = PBXFileReference; lastKnownFileType = sourcecode.swift; path = AppDelegate.swift; sourceTree = "<group>"; };
		16B752B42292324F0078E580 /* ViewController.swift */ = {isa = PBXFileReference; lastKnownFileType = sourcecode.swift; path = ViewController.swift; sourceTree = "<group>"; };
		16B752B72292324F0078E580 /* Base */ = {isa = PBXFileReference; lastKnownFileType = file.storyboard; name = Base; path = Base.lproj/Main.storyboard; sourceTree = "<group>"; };
		16B752B9229232560078E580 /* Assets.xcassets */ = {isa = PBXFileReference; lastKnownFileType = folder.assetcatalog; path = Assets.xcassets; sourceTree = "<group>"; };
		16B752BC229232560078E580 /* Base */ = {isa = PBXFileReference; lastKnownFileType = file.storyboard; name = Base; path = Base.lproj/LaunchScreen.storyboard; sourceTree = "<group>"; };
		16B752BE229232560078E580 /* Info.plist */ = {isa = PBXFileReference; lastKnownFileType = text.plist.xml; path = Info.plist; sourceTree = "<group>"; };
		16B752C3229232560078E580 /* CustomCameraTests.xctest */ = {isa = PBXFileReference; explicitFileType = wrapper.cfbundle; includeInIndex = 0; path = CustomCameraTests.xctest; sourceTree = BUILT_PRODUCTS_DIR; };
		16B752C7229232560078E580 /* CustomCameraTests.swift */ = {isa = PBXFileReference; lastKnownFileType = sourcecode.swift; path = CustomCameraTests.swift; sourceTree = "<group>"; };
		16B752C9229232560078E580 /* Info.plist */ = {isa = PBXFileReference; lastKnownFileType = text.plist.xml; path = Info.plist; sourceTree = "<group>"; };
		16B752CE229232560078E580 /* CustomCameraUITests.xctest */ = {isa = PBXFileReference; explicitFileType = wrapper.cfbundle; includeInIndex = 0; path = CustomCameraUITests.xctest; sourceTree = BUILT_PRODUCTS_DIR; };
		16B752D2229232560078E580 /* CustomCameraUITests.swift */ = {isa = PBXFileReference; lastKnownFileType = sourcecode.swift; path = CustomCameraUITests.swift; sourceTree = "<group>"; };
		16B752D4229232560078E580 /* Info.plist */ = {isa = PBXFileReference; lastKnownFileType = text.plist.xml; path = Info.plist; sourceTree = "<group>"; };
		16B752E0229234C80078E580 /* PhotoViewController.swift */ = {isa = PBXFileReference; lastKnownFileType = sourcecode.swift; path = PhotoViewController.swift; sourceTree = "<group>"; };
/* End PBXFileReference section */

/* Begin PBXFrameworksBuildPhase section */
		16B752AC2292324F0078E580 /* Frameworks */ = {
			isa = PBXFrameworksBuildPhase;
			buildActionMask = 2147483647;
			files = (
			);
			runOnlyForDeploymentPostprocessing = 0;
		};
		16B752C0229232560078E580 /* Frameworks */ = {
			isa = PBXFrameworksBuildPhase;
			buildActionMask = 2147483647;
			files = (
			);
			runOnlyForDeploymentPostprocessing = 0;
		};
		16B752CB229232560078E580 /* Frameworks */ = {
			isa = PBXFrameworksBuildPhase;
			buildActionMask = 2147483647;
			files = (
			);
			runOnlyForDeploymentPostprocessing = 0;
		};
/* End PBXFrameworksBuildPhase section */

/* Begin PBXGroup section */
		16B752A62292324F0078E580 = {
			isa = PBXGroup;
			children = (
				16B752B12292324F0078E580 /* CustomCamera */,
				16B752C6229232560078E580 /* CustomCameraTests */,
				16B752D1229232560078E580 /* CustomCameraUITests */,
				16B752B02292324F0078E580 /* Products */,
			);
			sourceTree = "<group>";
		};
		16B752B02292324F0078E580 /* Products */ = {
			isa = PBXGroup;
			children = (
				16B752AF2292324F0078E580 /* CustomCamera.app */,
				16B752C3229232560078E580 /* CustomCameraTests.xctest */,
				16B752CE229232560078E580 /* CustomCameraUITests.xctest */,
			);
			name = Products;
			sourceTree = "<group>";
		};
		16B752B12292324F0078E580 /* CustomCamera */ = {
			isa = PBXGroup;
			children = (
				16B752B22292324F0078E580 /* AppDelegate.swift */,
				16B752B42292324F0078E580 /* ViewController.swift */,
				16B752E0229234C80078E580 /* PhotoViewController.swift */,
				16B752B62292324F0078E580 /* Main.storyboard */,
				16B752B9229232560078E580 /* Assets.xcassets */,
				16B752BB229232560078E580 /* LaunchScreen.storyboard */,
				16B752BE229232560078E580 /* Info.plist */,
			);
			path = CustomCamera;
			sourceTree = "<group>";
		};
		16B752C6229232560078E580 /* CustomCameraTests */ = {
			isa = PBXGroup;
			children = (
				16B752C7229232560078E580 /* CustomCameraTests.swift */,
				16B752C9229232560078E580 /* Info.plist */,
			);
			path = CustomCameraTests;
			sourceTree = "<group>";
		};
		16B752D1229232560078E580 /* CustomCameraUITests */ = {
			isa = PBXGroup;
			children = (
				16B752D2229232560078E580 /* CustomCameraUITests.swift */,
				16B752D4229232560078E580 /* Info.plist */,
			);
			path = CustomCameraUITests;
			sourceTree = "<group>";
		};
/* End PBXGroup section */

/* Begin PBXNativeTarget section */
		16B752AE2292324F0078E580 /* CustomCamera */ = {
			isa = PBXNativeTarget;
			buildConfigurationList = 16B752D7229232560078E580 /* Build configuration list for PBXNativeTarget "CustomCamera" */;
			buildPhases = (
				16B752AB2292324F0078E580 /* Sources */,
				16B752AC2292324F0078E580 /* Frameworks */,
				16B752AD2292324F0078E580 /* Resources */,
			);
			buildRules = (
			);
			dependencies = (
			);
			name = CustomCamera;
			productName = CustomCamera;
			productReference = 16B752AF2292324F0078E580 /* CustomCamera.app */;
			productType = "com.apple.product-type.application";
		};
		16B752C2229232560078E580 /* CustomCameraTests */ = {
			isa = PBXNativeTarget;
			buildConfigurationList = 16B752DA229232560078E580 /* Build configuration list for PBXNativeTarget "CustomCameraTests" */;
			buildPhases = (
				16B752BF229232560078E580 /* Sources */,
				16B752C0229232560078E580 /* Frameworks */,
				16B752C1229232560078E580 /* Resources */,
			);
			buildRules = (
			);
			dependencies = (
				16B752C5229232560078E580 /* PBXTargetDependency */,
			);
			name = CustomCameraTests;
			productName = CustomCameraTests;
			productReference = 16B752C3229232560078E580 /* CustomCameraTests.xctest */;
			productType = "com.apple.product-type.bundle.unit-test";
		};
		16B752CD229232560078E580 /* CustomCameraUITests */ = {
			isa = PBXNativeTarget;
			buildConfigurationList = 16B752DD229232560078E580 /* Build configuration list for PBXNativeTarget "CustomCameraUITests" */;
			buildPhases = (
				16B752CA229232560078E580 /* Sources */,
				16B752CB229232560078E580 /* Frameworks */,
				16B752CC229232560078E580 /* Resources */,
			);
			buildRules = (
			);
			dependencies = (
				16B752D0229232560078E580 /* PBXTargetDependency */,
			);
			name = CustomCameraUITests;
			productName = CustomCameraUITests;
			productReference = 16B752CE229232560078E580 /* CustomCameraUITests.xctest */;
			productType = "com.apple.product-type.bundle.ui-testing";
		};
/* End PBXNativeTarget section */

/* Begin PBXProject section */
		16B752A72292324F0078E580 /* Project object */ = {
			isa = PBXProject;
			attributes = {
				LastSwiftUpdateCheck = 1020;
				LastUpgradeCheck = 1020;
				ORGANIZATIONNAME = "Kirti Parghi";
				TargetAttributes = {
					16B752AE2292324F0078E580 = {
						CreatedOnToolsVersion = 10.2;
					};
					16B752C2229232560078E580 = {
						CreatedOnToolsVersion = 10.2;
						TestTargetID = 16B752AE2292324F0078E580;
					};
					16B752CD229232560078E580 = {
						CreatedOnToolsVersion = 10.2;
						TestTargetID = 16B752AE2292324F0078E580;
					};
				};
			};
			buildConfigurationList = 16B752AA2292324F0078E580 /* Build configuration list for PBXProject "CustomCamera" */;
			compatibilityVersion = "Xcode 9.3";
			developmentRegion = en;
			hasScannedForEncodings = 0;
			knownRegions = (
				en,
				Base,
			);
			mainGroup = 16B752A62292324F0078E580;
			productRefGroup = 16B752B02292324F0078E580 /* Products */;
			projectDirPath = "";
			projectRoot = "";
			targets = (
				16B752AE2292324F0078E580 /* CustomCamera */,
				16B752C2229232560078E580 /* CustomCameraTests */,
				16B752CD229232560078E580 /* CustomCameraUITests */,
			);
		};
/* End PBXProject section */

/* Begin PBXResourcesBuildPhase section */
		16B752AD2292324F0078E580 /* Resources */ = {
			isa = PBXResourcesBuildPhase;
			buildActionMask = 2147483647;
			files = (
				16B752BD229232560078E580 /* LaunchScreen.storyboard in Resources */,
				16B752BA229232560078E580 /* Assets.xcassets in Resources */,
				16B752B82292324F0078E580 /* Main.storyboard in Resources */,
			);
			runOnlyForDeploymentPostprocessing = 0;
		};
		16B752C1229232560078E580 /* Resources */ = {
			isa = PBXResourcesBuildPhase;
			buildActionMask = 2147483647;
			files = (
			);
			runOnlyForDeploymentPostprocessing = 0;
		};
		16B752CC229232560078E580 /* Resources */ = {
			isa = PBXResourcesBuildPhase;
			buildActionMask = 2147483647;
			files = (
			);
			runOnlyForDeploymentPostprocessing = 0;
		};
/* End PBXResourcesBuildPhase section */

/* Begin PBXSourcesBuildPhase section */
		16B752AB2292324F0078E580 /* Sources */ = {
			isa = PBXSourcesBuildPhase;
			buildActionMask = 2147483647;
			files = (
				16B752B52292324F0078E580 /* ViewController.swift in Sources */,
				16B752B32292324F0078E580 /* AppDelegate.swift in Sources */,
				16B752E1229234C80078E580 /* PhotoViewController.swift in Sources */,
			);
			runOnlyForDeploymentPostprocessing = 0;
		};
		16B752BF229232560078E580 /* Sources */ = {
			isa = PBXSourcesBuildPhase;
			buildActionMask = 2147483647;
			files = (
				16B752C8229232560078E580 /* CustomCameraTests.swift in Sources */,
			);
			runOnlyForDeploymentPostprocessing = 0;
		};
		16B752CA229232560078E580 /* Sources */ = {
			isa = PBXSourcesBuildPhase;
			buildActionMask = 2147483647;
			files = (
				16B752D3229232560078E580 /* CustomCameraUITests.swift in Sources */,
			);
			runOnlyForDeploymentPostprocessing = 0;
		};
/* End PBXSourcesBuildPhase section */

/* Begin PBXTargetDependency section */
		16B752C5229232560078E580 /* PBXTargetDependency */ = {
			isa = PBXTargetDependency;
			target = 16B752AE2292324F0078E580 /* CustomCamera */;
			targetProxy = 16B752C4229232560078E580 /* PBXContainerItemProxy */;
		};
		16B752D0229232560078E580 /* PBXTargetDependency */ = {
			isa = PBXTargetDependency;
			target = 16B752AE2292324F0078E580 /* CustomCamera */;
			targetProxy = 16B752CF229232560078E580 /* PBXContainerItemProxy */;
		};
/* End PBXTargetDependency section */

/* Begin PBXVariantGroup section */
		16B752B62292324F0078E580 /* Main.storyboard */ = {
			isa = PBXVariantGroup;
			children = (
				16B752B72292324F0078E580 /* Base */,
			);
			name = Main.storyboard;
			sourceTree = "<group>";
		};
		16B752BB229232560078E580 /* LaunchScreen.storyboard */ = {
			isa = PBXVariantGroup;
			children = (
				16B752BC229232560078E580 /* Base */,
			);
			name = LaunchScreen.storyboard;
			sourceTree = "<group>";
		};
/* End PBXVariantGroup section */

/* Begin XCBuildConfiguration section */
		16B752D5229232560078E580 /* Debug */ = {
			isa = XCBuildConfiguration;
			buildSettings = {
				ALWAYS_SEARCH_USER_PATHS = NO;
				CLANG_ANALYZER_NONNULL = YES;
				CLANG_ANALYZER_NUMBER_OBJECT_CONVERSION = YES_AGGRESSIVE;
				CLANG_CXX_LANGUAGE_STANDARD = "gnu++14";
				CLANG_CXX_LIBRARY = "libc++";
				CLANG_ENABLE_MODULES = YES;
				CLANG_ENABLE_OBJC_ARC = YES;
				CLANG_ENABLE_OBJC_WEAK = YES;
				CLANG_WARN_BLOCK_CAPTURE_AUTORELEASING = YES;
				CLANG_WARN_BOOL_CONVERSION = YES;
				CLANG_WARN_COMMA = YES;
				CLANG_WARN_CONSTANT_CONVERSION = YES;
				CLANG_WARN_DEPRECATED_OBJC_IMPLEMENTATIONS = YES;
				CLANG_WARN_DIRECT_OBJC_ISA_USAGE = YES_ERROR;
				CLANG_WARN_DOCUMENTATION_COMMENTS = YES;
				CLANG_WARN_EMPTY_BODY = YES;
				CLANG_WARN_ENUM_CONVERSION = YES;
				CLANG_WARN_INFINITE_RECURSION = YES;
				CLANG_WARN_INT_CONVERSION = YES;
				CLANG_WARN_NON_LITERAL_NULL_CONVERSION = YES;
				CLANG_WARN_OBJC_IMPLICIT_RETAIN_SELF = YES;
				CLANG_WARN_OBJC_LITERAL_CONVERSION = YES;
				CLANG_WARN_OBJC_ROOT_CLASS = YES_ERROR;
				CLANG_WARN_RANGE_LOOP_ANALYSIS = YES;
				CLANG_WARN_STRICT_PROTOTYPES = YES;
				CLANG_WARN_SUSPICIOUS_MOVE = YES;
				CLANG_WARN_UNGUARDED_AVAILABILITY = YES_AGGRESSIVE;
				CLANG_WARN_UNREACHABLE_CODE = YES;
				CLANG_WARN__DUPLICATE_METHOD_MATCH = YES;
				CODE_SIGN_IDENTITY = "iPhone Developer";
				COPY_PHASE_STRIP = NO;
				DEBUG_INFORMATION_FORMAT = dwarf;
				ENABLE_STRICT_OBJC_MSGSEND = YES;
				ENABLE_TESTABILITY = YES;
				GCC_C_LANGUAGE_STANDARD = gnu11;
				GCC_DYNAMIC_NO_PIC = NO;
				GCC_NO_COMMON_BLOCKS = YES;
				GCC_OPTIMIZATION_LEVEL = 0;
				GCC_PREPROCESSOR_DEFINITIONS = (
					"DEBUG=1",
					"$(inherited)",
				);
				GCC_WARN_64_TO_32_BIT_CONVERSION = YES;
				GCC_WARN_ABOUT_RETURN_TYPE = YES_ERROR;
				GCC_WARN_UNDECLARED_SELECTOR = YES;
				GCC_WARN_UNINITIALIZED_AUTOS = YES_AGGRESSIVE;
				GCC_WARN_UNUSED_FUNCTION = YES;
				GCC_WARN_UNUSED_VARIABLE = YES;
				IPHONEOS_DEPLOYMENT_TARGET = 12.2;
				MTL_ENABLE_DEBUG_INFO = INCLUDE_SOURCE;
				MTL_FAST_MATH = YES;
				ONLY_ACTIVE_ARCH = YES;
				SDKROOT = iphoneos;
				SWIFT_ACTIVE_COMPILATION_CONDITIONS = DEBUG;
				SWIFT_OPTIMIZATION_LEVEL = "-Onone";
			};
			name = Debug;
		};
		16B752D6229232560078E580 /* Release */ = {
			isa = XCBuildConfiguration;
			buildSettings = {
				ALWAYS_SEARCH_USER_PATHS = NO;
				CLANG_ANALYZER_NONNULL = YES;
				CLANG_ANALYZER_NUMBER_OBJECT_CONVERSION = YES_AGGRESSIVE;
				CLANG_CXX_LANGUAGE_STANDARD = "gnu++14";
				CLANG_CXX_LIBRARY = "libc++";
				CLANG_ENABLE_MODULES = YES;
				CLANG_ENABLE_OBJC_ARC = YES;
				CLANG_ENABLE_OBJC_WEAK = YES;
				CLANG_WARN_BLOCK_CAPTURE_AUTORELEASING = YES;
				CLANG_WARN_BOOL_CONVERSION = YES;
				CLANG_WARN_COMMA = YES;
				CLANG_WARN_CONSTANT_CONVERSION = YES;
				CLANG_WARN_DEPRECATED_OBJC_IMPLEMENTATIONS = YES;
				CLANG_WARN_DIRECT_OBJC_ISA_USAGE = YES_ERROR;
				CLANG_WARN_DOCUMENTATION_COMMENTS = YES;
				CLANG_WARN_EMPTY_BODY = YES;
				CLANG_WARN_ENUM_CONVERSION = YES;
				CLANG_WARN_INFINITE_RECURSION = YES;
				CLANG_WARN_INT_CONVERSION = YES;
				CLANG_WARN_NON_LITERAL_NULL_CONVERSION = YES;
				CLANG_WARN_OBJC_IMPLICIT_RETAIN_SELF = YES;
				CLANG_WARN_OBJC_LITERAL_CONVERSION = YES;
				CLANG_WARN_OBJC_ROOT_CLASS = YES_ERROR;
				CLANG_WARN_RANGE_LOOP_ANALYSIS = YES;
				CLANG_WARN_STRICT_PROTOTYPES = YES;
				CLANG_WARN_SUSPICIOUS_MOVE = YES;
				CLANG_WARN_UNGUARDED_AVAILABILITY = YES_AGGRESSIVE;
				CLANG_WARN_UNREACHABLE_CODE = YES;
				CLANG_WARN__DUPLICATE_METHOD_MATCH = YES;
				CODE_SIGN_IDENTITY = "iPhone Developer";
				COPY_PHASE_STRIP = NO;
				DEBUG_INFORMATION_FORMAT = "dwarf-with-dsym";
				ENABLE_NS_ASSERTIONS = NO;
				ENABLE_STRICT_OBJC_MSGSEND = YES;
				GCC_C_LANGUAGE_STANDARD = gnu11;
				GCC_NO_COMMON_BLOCKS = YES;
				GCC_WARN_64_TO_32_BIT_CONVERSION = YES;
				GCC_WARN_ABOUT_RETURN_TYPE = YES_ERROR;
				GCC_WARN_UNDECLARED_SELECTOR = YES;
				GCC_WARN_UNINITIALIZED_AUTOS = YES_AGGRESSIVE;
				GCC_WARN_UNUSED_FUNCTION = YES;
				GCC_WARN_UNUSED_VARIABLE = YES;
				IPHONEOS_DEPLOYMENT_TARGET = 12.2;
				MTL_ENABLE_DEBUG_INFO = NO;
				MTL_FAST_MATH = YES;
				SDKROOT = iphoneos;
				SWIFT_COMPILATION_MODE = wholemodule;
				SWIFT_OPTIMIZATION_LEVEL = "-O";
				VALIDATE_PRODUCT = YES;
			};
			name = Release;
		};
		16B752D8229232560078E580 /* Debug */ = {
			isa = XCBuildConfiguration;
			buildSettings = {
				ASSETCATALOG_COMPILER_APPICON_NAME = AppIcon;
				CODE_SIGN_STYLE = Automatic;
				INFOPLIST_FILE = CustomCamera/Info.plist;
				LD_RUNPATH_SEARCH_PATHS = (
					"$(inherited)",
					"@executable_path/Frameworks",
				);
				PRODUCT_BUNDLE_IDENTIFIER = com.kirti.CustomCamera;
				PRODUCT_NAME = "$(TARGET_NAME)";
				SWIFT_VERSION = 5.0;
				TARGETED_DEVICE_FAMILY = "1,2";
			};
			name = Debug;
		};
		16B752D9229232560078E580 /* Release */ = {
			isa = XCBuildConfiguration;
			buildSettings = {
				ASSETCATALOG_COMPILER_APPICON_NAME = AppIcon;
				CODE_SIGN_STYLE = Automatic;
				INFOPLIST_FILE = CustomCamera/Info.plist;
				LD_RUNPATH_SEARCH_PATHS = (
					"$(inherited)",
					"@executable_path/Frameworks",
				);
				PRODUCT_BUNDLE_IDENTIFIER = com.kirti.CustomCamera;
				PRODUCT_NAME = "$(TARGET_NAME)";
				SWIFT_VERSION = 5.0;
				TARGETED_DEVICE_FAMILY = "1,2";
			};
			name = Release;
		};
		16B752DB229232560078E580 /* Debug */ = {
			isa = XCBuildConfiguration;
			buildSettings = {
				ALWAYS_EMBED_SWIFT_STANDARD_LIBRARIES = YES;
				BUNDLE_LOADER = "$(TEST_HOST)";
				CODE_SIGN_STYLE = Automatic;
				INFOPLIST_FILE = CustomCameraTests/Info.plist;
				LD_RUNPATH_SEARCH_PATHS = (
					"$(inherited)",
					"@executable_path/Frameworks",
					"@loader_path/Frameworks",
				);
				PRODUCT_BUNDLE_IDENTIFIER = com.kirti.CustomCameraTests;
				PRODUCT_NAME = "$(TARGET_NAME)";
				SWIFT_VERSION = 5.0;
				TARGETED_DEVICE_FAMILY = "1,2";
				TEST_HOST = "$(BUILT_PRODUCTS_DIR)/CustomCamera.app/CustomCamera";
			};
			name = Debug;
		};
		16B752DC229232560078E580 /* Release */ = {
			isa = XCBuildConfiguration;
			buildSettings = {
				ALWAYS_EMBED_SWIFT_STANDARD_LIBRARIES = YES;
				BUNDLE_LOADER = "$(TEST_HOST)";
				CODE_SIGN_STYLE = Automatic;
				INFOPLIST_FILE = CustomCameraTests/Info.plist;
				LD_RUNPATH_SEARCH_PATHS = (
					"$(inherited)",
					"@executable_path/Frameworks",
					"@loader_path/Frameworks",
				);
				PRODUCT_BUNDLE_IDENTIFIER = com.kirti.CustomCameraTests;
				PRODUCT_NAME = "$(TARGET_NAME)";
				SWIFT_VERSION = 5.0;
				TARGETED_DEVICE_FAMILY = "1,2";
				TEST_HOST = "$(BUILT_PRODUCTS_DIR)/CustomCamera.app/CustomCamera";
			};
			name = Release;
		};
		16B752DE229232560078E580 /* Debug */ = {
			isa = XCBuildConfiguration;
			buildSettings = {
				ALWAYS_EMBED_SWIFT_STANDARD_LIBRARIES = YES;
				CODE_SIGN_STYLE = Automatic;
				INFOPLIST_FILE = CustomCameraUITests/Info.plist;
				LD_RUNPATH_SEARCH_PATHS = (
					"$(inherited)",
					"@executable_path/Frameworks",
					"@loader_path/Frameworks",
				);
				PRODUCT_BUNDLE_IDENTIFIER = com.kirti.CustomCameraUITests;
				PRODUCT_NAME = "$(TARGET_NAME)";
				SWIFT_VERSION = 5.0;
				TARGETED_DEVICE_FAMILY = "1,2";
				TEST_TARGET_NAME = CustomCamera;
			};
			name = Debug;
		};
		16B752DF229232560078E580 /* Release */ = {
			isa = XCBuildConfiguration;
			buildSettings = {
				ALWAYS_EMBED_SWIFT_STANDARD_LIBRARIES = YES;
				CODE_SIGN_STYLE = Automatic;
				INFOPLIST_FILE = CustomCameraUITests/Info.plist;
				LD_RUNPATH_SEARCH_PATHS = (
					"$(inherited)",
					"@executable_path/Frameworks",
					"@loader_path/Frameworks",
				);
				PRODUCT_BUNDLE_IDENTIFIER = com.kirti.CustomCameraUITests;
				PRODUCT_NAME = "$(TARGET_NAME)";
				SWIFT_VERSION = 5.0;
				TARGETED_DEVICE_FAMILY = "1,2";
				TEST_TARGET_NAME = CustomCamera;
			};
			name = Release;
		};
/* End XCBuildConfiguration section */

/* Begin XCConfigurationList section */
		16B752AA2292324F0078E580 /* Build configuration list for PBXProject "CustomCamera" */ = {
			isa = XCConfigurationList;
			buildConfigurations = (
				16B752D5229232560078E580 /* Debug */,
				16B752D6229232560078E580 /* Release */,
			);
			defaultConfigurationIsVisible = 0;
			defaultConfigurationName = Release;
		};
		16B752D7229232560078E580 /* Build configuration list for PBXNativeTarget "CustomCamera" */ = {
			isa = XCConfigurationList;
			buildConfigurations = (
				16B752D8229232560078E580 /* Debug */,
				16B752D9229232560078E580 /* Release */,
			);
			defaultConfigurationIsVisible = 0;
			defaultConfigurationName = Release;
		};
		16B752DA229232560078E580 /* Build configuration list for PBXNativeTarget "CustomCameraTests" */ = {
			isa = XCConfigurationList;
			buildConfigurations = (
				16B752DB229232560078E580 /* Debug */,
				16B752DC229232560078E580 /* Release */,
			);
			defaultConfigurationIsVisible = 0;
			defaultConfigurationName = Release;
		};
		16B752DD229232560078E580 /* Build configuration list for PBXNativeTarget "CustomCameraUITests" */ = {
			isa = XCConfigurationList;
			buildConfigurations = (
				16B752DE229232560078E580 /* Debug */,
				16B752DF229232560078E580 /* Release */,
			);
			defaultConfigurationIsVisible = 0;
			defaultConfigurationName = Release;
		};
/* End XCConfigurationList section */
	};
	rootObject = 16B752A72292324F0078E580 /* Project object */;
}
